
Microsoft Visual Studio Solution File, Format Version 12.00
# Visual Studio Version 17
VisualStudioVersion = 17.3.32929.385
MinimumVisualStudioVersion = 10.0.40219.1
Project("{FAE04EC0-301F-11D3-BF4B-00C04F79EFBC}") = "Lab2", "Lab2\Lab2.csproj", "{FFE8876E-8AB5-410C-801D-8EAE74EE7B91}"
EndProject
Global
	GlobalSection(SolutionConfigurationPlatforms) = preSolution
		Debug|Any CPU = Debug|Any CPU
		Release|Any CPU = Release|Any CPU
	EndGlobalSection
	GlobalSection(ProjectConfigurationPlatforms) = postSolution
		{FFE8876E-8AB5-410C-801D-8EAE74EE7B91}.Debug|Any CPU.ActiveCfg = Debug|Any CPU
		{FFE8876E-8AB5-410C-801D-8EAE74EE7B91}.Debug|Any CPU.Build.0 = Debug|Any CPU
		{FFE8876E-8AB5-410C-801D-8EAE74EE7B91}.Release|Any CPU.ActiveCfg = Release|Any CPU
		{FFE8876E-8AB5-410C-801D-8EAE74EE7B91}.Release|Any CPU.Build.0 = Release|Any CPU
	EndGlobalSection
	GlobalSection(SolutionProperties) = preSolution
		HideSolutionNode = FALSE
	EndGlobalSection
	GlobalSection(ExtensibilityGlobals) = postSolution
		SolutionGuid = {98FE4343-A0F6-4FE0-A78E-E12EF0B34E8A}
	EndGlobalSection
EndGlobal
